
Microsoft Visual Studio Solution File, Format Version 12.00
# Visual Studio Version 17
VisualStudioVersion = 17.6.33723.286
MinimumVisualStudioVersion = 10.0.40219.1
Project("{F184B08F-C81C-45F6-A57F-5ABD9991F28F}") = "GRADING SYSTEM", "GRADING SYSTEM.vbproj", "{8A9FB82D-7CCA-411B-839F-D2C5C2775647}"
EndProject
Global
	GlobalSection(SolutionConfigurationPlatforms) = preSolution
		Debug|Any CPU = Debug|Any CPU
		Release|Any CPU = Release|Any CPU
	EndGlobalSection
	GlobalSection(ProjectConfigurationPlatforms) = postSolution
		{8A9FB82D-7CCA-411B-839F-D2C5C2775647}.Debug|Any CPU.ActiveCfg = Debug|Any CPU
		{8A9FB82D-7CCA-411B-839F-D2C5C2775647}.Debug|Any CPU.Build.0 = Debug|Any CPU
		{8A9FB82D-7CCA-411B-839F-D2C5C2775647}.Release|Any CPU.ActiveCfg = Release|Any CPU
		{8A9FB82D-7CCA-411B-839F-D2C5C2775647}.Release|Any CPU.Build.0 = Release|Any CPU
	EndGlobalSection
	GlobalSection(SolutionProperties) = preSolution
		HideSolutionNode = FALSE
	EndGlobalSection
	GlobalSection(ExtensibilityGlobals) = postSolution
		SolutionGuid = {CE5842F4-75BB-4D21-886E-9F7F29104346}
	EndGlobalSection
EndGlobal
